
Microsoft Visual Studio Solution File, Format Version 12.00
# Visual Studio Version 16
VisualStudioVersion = 16.0.30002.166
MinimumVisualStudioVersion = 10.0.40219.1
Project("{8BC9CEB8-8B4A-11D0-8D11-00A0C91BC942}") = "DataStr Ex.8-1", "DataStr Ex.8-1.vcxproj", "{AC377140-ED9D-47A5-B04C-83C6ADCD337F}"
EndProject
Global
	GlobalSection(SolutionConfigurationPlatforms) = preSolution
		Debug|x64 = Debug|x64
		Debug|x86 = Debug|x86
		Release|x64 = Release|x64
		Release|x86 = Release|x86
	EndGlobalSection
	GlobalSection(ProjectConfigurationPlatforms) = postSolution
		{AC377140-ED9D-47A5-B04C-83C6ADCD337F}.Debug|x64.ActiveCfg = Debug|x64
		{AC377140-ED9D-47A5-B04C-83C6ADCD337F}.Debug|x64.Build.0 = Debug|x64
		{AC377140-ED9D-47A5-B04C-83C6ADCD337F}.Debug|x86.ActiveCfg = Debug|Win32
		{AC377140-ED9D-47A5-B04C-83C6ADCD337F}.Debug|x86.Build.0 = Debug|Win32
		{AC377140-ED9D-47A5-B04C-83C6ADCD337F}.Release|x64.ActiveCfg = Release|x64
		{AC377140-ED9D-47A5-B04C-83C6ADCD337F}.Release|x64.Build.0 = Release|x64
		{AC377140-ED9D-47A5-B04C-83C6ADCD337F}.Release|x86.ActiveCfg = Release|Win32
		{AC377140-ED9D-47A5-B04C-83C6ADCD337F}.Release|x86.Build.0 = Release|Win32
	EndGlobalSection
	GlobalSection(SolutionProperties) = preSolution
		HideSolutionNode = FALSE
	EndGlobalSection
	GlobalSection(ExtensibilityGlobals) = postSolution
		SolutionGuid = {CFA1F369-A842-4A7D-8ADD-3AA31D3CE1A5}
	EndGlobalSection
EndGlobal
